<?xml version="1.0" encoding="UTF-8" standalone="yes" ?>
<CodeBlocks_project_file>
	<FileVersion major="1" minor="6" />
	<Project>
		<Option title="Version 28_05 assemblee" />
		<Option pch_mode="2" />
		<Option compiler="gcc" />
		<Build>
			<Target title="Debug">
				<Option output="bin/Debug/Version 28_05 assemblee" prefix_auto="1" extension_auto="1" />
				<Option object_output="obj/Debug/" />
				<Option type="1" />
				<Option compiler="gcc" />
				<Compiler>
					<Add option="-g" />
				</Compiler>
			</Target>
			<Target title="Release">
				<Option output="bin/Release/Version 28_05 assemblee" prefix_auto="1" extension_auto="1" />
				<Option object_output="obj/Release/" />
				<Option type="1" />
				<Option compiler="gcc" />
				<Compiler>
					<Add option="-O2" />
				</Compiler>
				<Linker>
					<Add option="-s" />
				</Linker>
			</Target>
		</Build>
		<Compiler>
			<Add option="-Wall" />
		</Compiler>
		<Unit filename="Creation_exercice.c">
			<Option compilerVar="CC" />
		</Unit>
		<Unit filename="Creation_exercice.h" />
		<Unit filename="buffer.c">
			<Option compilerVar="CC" />
		</Unit>
		<Unit filename="buffer.h" />
		<Unit filename="cherche_exercice.c">
			<Option compilerVar="CC" />
		</Unit>
		<Unit filename="cherche_exercice.h" />
		<Unit filename="execution.c">
			<Option compilerVar="CC" />
		</Unit>
		<Unit filename="execution.h" />
		<Unit filename="inscription.c">
			<Option compilerVar="CC" />
		</Unit>
		<Unit filename="inscription.h" />
		<Unit filename="lectureFichier.c">
			<Option compilerVar="CC" />
		</Unit>
		<Unit filename="lectureFichier.h" />
		<Unit filename="main.c">
			<Option compilerVar="CC" />
		</Unit>
		<Unit filename="menu.c">
			<Option compilerVar="CC" />
		</Unit>
		<Unit filename="menu.h" />
		<Unit filename="nbQuestions.c">
			<Option compilerVar="CC" />
		</Unit>
		<Unit filename="nbQuestions.h" />
		<Unit filename="struct.h" />
		<Unit filename="systemeExploitation.h" />
		<Extensions>
			<code_completion />
			<envvars />
			<debugger />
			<lib_finder disable_auto="1" />
		</Extensions>
	</Project>
</CodeBlocks_project_file>
